// !$*UTF8*$!
{
	archiveVersion = 1;
	classes = {
	};
	objectVersion = 46;
	objects = {

/* Begin PBXBuildFile section */
		41107AE4ECB1A0F0B5063DD5 /* libPods-Editor.a in Frameworks */ = {isa = PBXBuildFile; fileRef = F5D40EF3CCC68B72D32B87F8 /* libPods-Editor.a */; };
		BE060B241A177ADD0081BBA1 /* TabViewController.swift in Sources */ = {isa = PBXBuildFile; fileRef = BE060B231A177ADD0081BBA1 /* TabViewController.swift */; };
		BE232D8C1A1532A1009FB16F /* Notification.swift in Sources */ = {isa = PBXBuildFile; fileRef = BE232D8B1A1532A1009FB16F /* Notification.swift */; };
		BE23BA9B1A1FB63300AC5FDF /* MyPicksCell.swift in Sources */ = {isa = PBXBuildFile; fileRef = BE23BA9A1A1FB63300AC5FDF /* MyPicksCell.swift */; };
		BE3CB50B1A14DBCD004512E2 /* bridging-header.h in Sources */ = {isa = PBXBuildFile; fileRef = BEE3968C1A14DAF500BB779E /* bridging-header.h */; };
		BE3CB50C1A14DBE0004512E2 /* Info.plist in Resources */ = {isa = PBXBuildFile; fileRef = BEE3968D1A14DAFE00BB779E /* Info.plist */; };
		BE3CB51B1A14E391004512E2 /* CouchbaseLite.framework in Frameworks */ = {isa = PBXBuildFile; fileRef = BEEB6B8A1A0945BA0032821E /* CouchbaseLite.framework */; };
		BE3CB51C1A14E393004512E2 /* FacebookSDK.framework in Frameworks */ = {isa = PBXBuildFile; fileRef = BEE46B1A1A081D01000876A4 /* FacebookSDK.framework */; };
		BE70E7F31A1F5A17000A85BF /* LoginPageViewController.swift in Sources */ = {isa = PBXBuildFile; fileRef = BE70E7F21A1F5A17000A85BF /* LoginPageViewController.swift */; };
		BE70E7F51A1F5F05000A85BF /* Utilities.swift in Sources */ = {isa = PBXBuildFile; fileRef = BE70E7F41A1F5F05000A85BF /* Utilities.swift */; };
		BE70E7F71A1F5F4A000A85BF /* ProfileViewController.swift in Sources */ = {isa = PBXBuildFile; fileRef = BE70E7F61A1F5F4A000A85BF /* ProfileViewController.swift */; };
		BE77D2531A18CC65006C3F50 /* StepsViewController.swift in Sources */ = {isa = PBXBuildFile; fileRef = BE77D2521A18CC65006C3F50 /* StepsViewController.swift */; };
		BE78B9CA1A17954500EE76A6 /* Pods-Editor.debug.xcconfig in Resources */ = {isa = PBXBuildFile; fileRef = BE78B9C91A17954500EE76A6 /* Pods-Editor.debug.xcconfig */; };
		BE78B9CC1A1798F100EE76A6 /* HamburgerButton.swift in Sources */ = {isa = PBXBuildFile; fileRef = BE78B9CB1A1798F100EE76A6 /* HamburgerButton.swift */; };
		BEAAEE601A0C52DF00CE5D32 /* AVFoundation.framework in Frameworks */ = {isa = PBXBuildFile; fileRef = BEAAEE5F1A0C52DF00CE5D32 /* AVFoundation.framework */; };
		BEE396491A14DA0400BB779E /* AppDelegate.swift in Sources */ = {isa = PBXBuildFile; fileRef = BEE396321A14DA0400BB779E /* AppDelegate.swift */; };
		BEE3964C1A14DA0400BB779E /* CouchbaseManager.swift in Sources */ = {isa = PBXBuildFile; fileRef = BEE396391A14DA0400BB779E /* CouchbaseManager.swift */; };
		BEE3964D1A14DA0400BB779E /* Document.swift in Sources */ = {isa = PBXBuildFile; fileRef = BEE3963A1A14DA0400BB779E /* Document.swift */; };
		BEE3964E1A14DA0400BB779E /* EditorViewController.swift in Sources */ = {isa = PBXBuildFile; fileRef = BEE3963B1A14DA0400BB779E /* EditorViewController.swift */; };
		BEE3964F1A14DA0400BB779E /* FacebookManager.swift in Sources */ = {isa = PBXBuildFile; fileRef = BEE3963C1A14DA0400BB779E /* FacebookManager.swift */; };
		BEE396501A14DA0400BB779E /* Images.xcassets in Resources */ = {isa = PBXBuildFile; fileRef = BEE3963D1A14DA0400BB779E /* Images.xcassets */; };
		BEE396521A14DA0400BB779E /* LoginViewController.swift in Sources */ = {isa = PBXBuildFile; fileRef = BEE3963F1A14DA0400BB779E /* LoginViewController.swift */; };
		BEE396531A14DA0400BB779E /* Profile.swift in Sources */ = {isa = PBXBuildFile; fileRef = BEE396401A14DA0400BB779E /* Profile.swift */; };
		BEE396541A14DA0400BB779E /* Pick.swift in Sources */ = {isa = PBXBuildFile; fileRef = BEE396411A14DA0400BB779E /* Pick.swift */; };
		BEE396551A14DA0400BB779E /* SnippetButton.swift in Sources */ = {isa = PBXBuildFile; fileRef = BEE396421A14DA0400BB779E /* SnippetButton.swift */; };
		BEE396561A14DA0400BB779E /* SnippetCell.swift in Sources */ = {isa = PBXBuildFile; fileRef = BEE396431A14DA0400BB779E /* SnippetCell.swift */; };
		BEE396581A14DA0400BB779E /* Video.swift in Sources */ = {isa = PBXBuildFile; fileRef = BEE396451A14DA0400BB779E /* Video.swift */; };
		BEE396591A14DA0400BB779E /* VideoTableCell.swift in Sources */ = {isa = PBXBuildFile; fileRef = BEE396461A14DA0400BB779E /* VideoTableCell.swift */; };
		BEE3965A1A14DA0400BB779E /* VideoViewController.swift in Sources */ = {isa = PBXBuildFile; fileRef = BEE396471A14DA0400BB779E /* VideoViewController.swift */; };
		BEE3965B1A14DA0400BB779E /* ViewController.swift in Sources */ = {isa = PBXBuildFile; fileRef = BEE396481A14DA0400BB779E /* ViewController.swift */; };
		BEE3968F1A14DB2A00BB779E /* LaunchScreen.xib in Resources */ = {isa = PBXBuildFile; fileRef = BEE396861A14DAE400BB779E /* LaunchScreen.xib */; };
		BEE396901A14DB2A00BB779E /* Main.storyboard in Resources */ = {isa = PBXBuildFile; fileRef = BEE396881A14DAE400BB779E /* Main.storyboard */; };
		BEE46B0B1A08178B000876A4 /* Story1Tests.swift in Sources */ = {isa = PBXBuildFile; fileRef = BEE46B0A1A08178B000876A4 /* Story1Tests.swift */; };
		BEEB6B8D1A0945D00032821E /* CFNetwork.framework in Frameworks */ = {isa = PBXBuildFile; fileRef = BEEB6B8C1A0945D00032821E /* CFNetwork.framework */; };
		BEEB6B8F1A0945D80032821E /* Security.framework in Frameworks */ = {isa = PBXBuildFile; fileRef = BEEB6B8E1A0945D80032821E /* Security.framework */; };
		BEEB6B911A0945DF0032821E /* SystemConfiguration.framework in Frameworks */ = {isa = PBXBuildFile; fileRef = BEEB6B901A0945DF0032821E /* SystemConfiguration.framework */; };
		BEEB6B931A0945E80032821E /* libsqlite3.dylib in Frameworks */ = {isa = PBXBuildFile; fileRef = BEEB6B921A0945E80032821E /* libsqlite3.dylib */; };
		BEEB6B951A0945ED0032821E /* libz.dylib in Frameworks */ = {isa = PBXBuildFile; fileRef = BEEB6B941A0945ED0032821E /* libz.dylib */; };
/* End PBXBuildFile section */

/* Begin PBXContainerItemProxy section */
		BEE46B051A08178B000876A4 /* PBXContainerItemProxy */ = {
			isa = PBXContainerItemProxy;
			containerPortal = BEE46AE71A08178B000876A4 /* Project object */;
			proxyType = 1;
			remoteGlobalIDString = BEE46AEE1A08178B000876A4;
			remoteInfo = Story1;
		};
/* End PBXContainerItemProxy section */

/* Begin PBXFileReference section */
		607A2D96EA62BD48D9A31F08 /* Pods-Editor.release.xcconfig */ = {isa = PBXFileReference; includeInIndex = 1; lastKnownFileType = text.xcconfig; name = "Pods-Editor.release.xcconfig"; path = "Pods/Target Support Files/Pods-Editor/Pods-Editor.release.xcconfig"; sourceTree = "<group>"; };
		BE03604C1A0BFAF1003E2424 /* MyPlayground.playground */ = {isa = PBXFileReference; lastKnownFileType = file.playground; path = MyPlayground.playground; sourceTree = "<group>"; };
		BE060B231A177ADD0081BBA1 /* TabViewController.swift */ = {isa = PBXFileReference; fileEncoding = 4; lastKnownFileType = sourcecode.swift; name = TabViewController.swift; path = Editor/TabViewController.swift; sourceTree = SOURCE_ROOT; };
		BE232D8B1A1532A1009FB16F /* Notification.swift */ = {isa = PBXFileReference; fileEncoding = 4; lastKnownFileType = sourcecode.swift; name = Notification.swift; path = Editor/Notification.swift; sourceTree = SOURCE_ROOT; };
		BE23BA9A1A1FB63300AC5FDF /* MyPicksCell.swift */ = {isa = PBXFileReference; fileEncoding = 4; lastKnownFileType = sourcecode.swift; name = MyPicksCell.swift; path = Editor/MyPicksCell.swift; sourceTree = SOURCE_ROOT; };
		BE70E7F21A1F5A17000A85BF /* LoginPageViewController.swift */ = {isa = PBXFileReference; fileEncoding = 4; lastKnownFileType = sourcecode.swift; name = LoginPageViewController.swift; path = Editor/LoginPageViewController.swift; sourceTree = SOURCE_ROOT; };
		BE70E7F41A1F5F05000A85BF /* Utilities.swift */ = {isa = PBXFileReference; fileEncoding = 4; lastKnownFileType = sourcecode.swift; name = Utilities.swift; path = Editor/Utilities.swift; sourceTree = SOURCE_ROOT; };
		BE70E7F61A1F5F4A000A85BF /* ProfileViewController.swift */ = {isa = PBXFileReference; fileEncoding = 4; lastKnownFileType = sourcecode.swift; name = ProfileViewController.swift; path = Editor/ProfileViewController.swift; sourceTree = SOURCE_ROOT; };
		BE77D2521A18CC65006C3F50 /* StepsViewController.swift */ = {isa = PBXFileReference; fileEncoding = 4; lastKnownFileType = sourcecode.swift; name = StepsViewController.swift; path = Editor/StepsViewController.swift; sourceTree = SOURCE_ROOT; };
		BE78B9C91A17954500EE76A6 /* Pods-Editor.debug.xcconfig */ = {isa = PBXFileReference; fileEncoding = 4; lastKnownFileType = text.xcconfig; name = "Pods-Editor.debug.xcconfig"; path = "Pods/Target Support Files/Pods-Editor/Pods-Editor.debug.xcconfig"; sourceTree = "<group>"; };
		BE78B9CB1A1798F100EE76A6 /* HamburgerButton.swift */ = {isa = PBXFileReference; fileEncoding = 4; lastKnownFileType = sourcecode.swift; name = HamburgerButton.swift; path = Editor/HamburgerButton.swift; sourceTree = SOURCE_ROOT; };
		BEAAEE5F1A0C52DF00CE5D32 /* AVFoundation.framework */ = {isa = PBXFileReference; lastKnownFileType = wrapper.framework; name = AVFoundation.framework; path = System/Library/Frameworks/AVFoundation.framework; sourceTree = SDKROOT; };
		BEE396321A14DA0400BB779E /* AppDelegate.swift */ = {isa = PBXFileReference; fileEncoding = 4; lastKnownFileType = sourcecode.swift; name = AppDelegate.swift; path = Editor/AppDelegate.swift; sourceTree = SOURCE_ROOT; };
		BEE396391A14DA0400BB779E /* CouchbaseManager.swift */ = {isa = PBXFileReference; fileEncoding = 4; lastKnownFileType = sourcecode.swift; name = CouchbaseManager.swift; path = Editor/CouchbaseManager.swift; sourceTree = SOURCE_ROOT; };
		BEE3963A1A14DA0400BB779E /* Document.swift */ = {isa = PBXFileReference; fileEncoding = 4; lastKnownFileType = sourcecode.swift; name = Document.swift; path = Editor/Document.swift; sourceTree = SOURCE_ROOT; };
		BEE3963B1A14DA0400BB779E /* EditorViewController.swift */ = {isa = PBXFileReference; fileEncoding = 4; lastKnownFileType = sourcecode.swift; name = EditorViewController.swift; path = Editor/EditorViewController.swift; sourceTree = SOURCE_ROOT; };
		BEE3963C1A14DA0400BB779E /* FacebookManager.swift */ = {isa = PBXFileReference; fileEncoding = 4; lastKnownFileType = sourcecode.swift; name = FacebookManager.swift; path = Editor/FacebookManager.swift; sourceTree = SOURCE_ROOT; };
		BEE3963D1A14DA0400BB779E /* Images.xcassets */ = {isa = PBXFileReference; lastKnownFileType = folder.assetcatalog; name = Images.xcassets; path = Editor/Images.xcassets; sourceTree = SOURCE_ROOT; };
		BEE3963F1A14DA0400BB779E /* LoginViewController.swift */ = {isa = PBXFileReference; fileEncoding = 4; lastKnownFileType = sourcecode.swift; name = LoginViewController.swift; path = Editor/LoginViewController.swift; sourceTree = SOURCE_ROOT; };
		BEE396401A14DA0400BB779E /* Profile.swift */ = {isa = PBXFileReference; fileEncoding = 4; lastKnownFileType = sourcecode.swift; name = Profile.swift; path = Editor/Profile.swift; sourceTree = SOURCE_ROOT; };
		BEE396411A14DA0400BB779E /* Pick.swift */ = {isa = PBXFileReference; fileEncoding = 4; lastKnownFileType = sourcecode.swift; name = Pick.swift; path = Editor/Pick.swift; sourceTree = SOURCE_ROOT; };
		BEE396421A14DA0400BB779E /* SnippetButton.swift */ = {isa = PBXFileReference; fileEncoding = 4; lastKnownFileType = sourcecode.swift; name = SnippetButton.swift; path = Editor/SnippetButton.swift; sourceTree = SOURCE_ROOT; };
		BEE396431A14DA0400BB779E /* SnippetCell.swift */ = {isa = PBXFileReference; fileEncoding = 4; lastKnownFileType = sourcecode.swift; name = SnippetCell.swift; path = Editor/SnippetCell.swift; sourceTree = SOURCE_ROOT; };
		BEE396451A14DA0400BB779E /* Video.swift */ = {isa = PBXFileReference; fileEncoding = 4; lastKnownFileType = sourcecode.swift; name = Video.swift; path = Editor/Video.swift; sourceTree = SOURCE_ROOT; };
		BEE396461A14DA0400BB779E /* VideoTableCell.swift */ = {isa = PBXFileReference; fileEncoding = 4; lastKnownFileType = sourcecode.swift; name = VideoTableCell.swift; path = Editor/VideoTableCell.swift; sourceTree = SOURCE_ROOT; };
		BEE396471A14DA0400BB779E /* VideoViewController.swift */ = {isa = PBXFileReference; fileEncoding = 4; lastKnownFileType = sourcecode.swift; name = VideoViewController.swift; path = Editor/VideoViewController.swift; sourceTree = SOURCE_ROOT; };
		BEE396481A14DA0400BB779E /* ViewController.swift */ = {isa = PBXFileReference; fileEncoding = 4; lastKnownFileType = sourcecode.swift; name = ViewController.swift; path = Editor/ViewController.swift; sourceTree = SOURCE_ROOT; };
		BEE396871A14DAE400BB779E /* Base */ = {isa = PBXFileReference; lastKnownFileType = file.xib; name = Base; path = Editor/Base.lproj/LaunchScreen.xib; sourceTree = SOURCE_ROOT; };
		BEE396891A14DAE400BB779E /* Base */ = {isa = PBXFileReference; lastKnownFileType = file.storyboard; name = Base; path = Editor/Base.lproj/Main.storyboard; sourceTree = SOURCE_ROOT; };
		BEE3968C1A14DAF500BB779E /* bridging-header.h */ = {isa = PBXFileReference; lastKnownFileType = sourcecode.c.h; name = "bridging-header.h"; path = "Editor/bridging-header.h"; sourceTree = SOURCE_ROOT; };
		BEE3968D1A14DAFE00BB779E /* Info.plist */ = {isa = PBXFileReference; fileEncoding = 4; lastKnownFileType = text.plist.xml; name = Info.plist; path = Editor/Info.plist; sourceTree = SOURCE_ROOT; };
		BEE46AEF1A08178B000876A4 /* Editor.app */ = {isa = PBXFileReference; explicitFileType = wrapper.application; includeInIndex = 0; path = Editor.app; sourceTree = BUILT_PRODUCTS_DIR; };
		BEE46B041A08178B000876A4 /* Wolf.temp_caseinsensitive_renameTests.xctest */ = {isa = PBXFileReference; explicitFileType = wrapper.cfbundle; includeInIndex = 0; path = Wolf.temp_caseinsensitive_renameTests.xctest; sourceTree = BUILT_PRODUCTS_DIR; };
		BEE46B091A08178B000876A4 /* Info.plist */ = {isa = PBXFileReference; lastKnownFileType = text.plist.xml; path = Info.plist; sourceTree = "<group>"; };
		BEE46B0A1A08178B000876A4 /* Story1Tests.swift */ = {isa = PBXFileReference; lastKnownFileType = sourcecode.swift; path = Story1Tests.swift; sourceTree = "<group>"; };
		BEE46B1A1A081D01000876A4 /* FacebookSDK.framework */ = {isa = PBXFileReference; lastKnownFileType = wrapper.framework; path = FacebookSDK.framework; sourceTree = "<group>"; };
		BEEB6B8A1A0945BA0032821E /* CouchbaseLite.framework */ = {isa = PBXFileReference; lastKnownFileType = wrapper.framework; path = CouchbaseLite.framework; sourceTree = "<group>"; };
		BEEB6B8C1A0945D00032821E /* CFNetwork.framework */ = {isa = PBXFileReference; lastKnownFileType = wrapper.framework; name = CFNetwork.framework; path = System/Library/Frameworks/CFNetwork.framework; sourceTree = SDKROOT; };
		BEEB6B8E1A0945D80032821E /* Security.framework */ = {isa = PBXFileReference; lastKnownFileType = wrapper.framework; name = Security.framework; path = System/Library/Frameworks/Security.framework; sourceTree = SDKROOT; };
		BEEB6B901A0945DF0032821E /* SystemConfiguration.framework */ = {isa = PBXFileReference; lastKnownFileType = wrapper.framework; name = SystemConfiguration.framework; path = System/Library/Frameworks/SystemConfiguration.framework; sourceTree = SDKROOT; };
		BEEB6B921A0945E80032821E /* libsqlite3.dylib */ = {isa = PBXFileReference; lastKnownFileType = "compiled.mach-o.dylib"; name = libsqlite3.dylib; path = usr/lib/libsqlite3.dylib; sourceTree = SDKROOT; };
		BEEB6B941A0945ED0032821E /* libz.dylib */ = {isa = PBXFileReference; lastKnownFileType = "compiled.mach-o.dylib"; name = libz.dylib; path = usr/lib/libz.dylib; sourceTree = SDKROOT; };
		F5D40EF3CCC68B72D32B87F8 /* libPods-Editor.a */ = {isa = PBXFileReference; explicitFileType = archive.ar; includeInIndex = 0; path = "libPods-Editor.a"; sourceTree = BUILT_PRODUCTS_DIR; };
/* End PBXFileReference section */

/* Begin PBXFrameworksBuildPhase section */
		BEE46AEC1A08178B000876A4 /* Frameworks */ = {
			isa = PBXFrameworksBuildPhase;
			buildActionMask = 2147483647;
			files = (
				BEAAEE601A0C52DF00CE5D32 /* AVFoundation.framework in Frameworks */,
				BEEB6B951A0945ED0032821E /* libz.dylib in Frameworks */,
				BEEB6B931A0945E80032821E /* libsqlite3.dylib in Frameworks */,
				BE3CB51B1A14E391004512E2 /* CouchbaseLite.framework in Frameworks */,
				BE3CB51C1A14E393004512E2 /* FacebookSDK.framework in Frameworks */,
				BEEB6B911A0945DF0032821E /* SystemConfiguration.framework in Frameworks */,
				BEEB6B8F1A0945D80032821E /* Security.framework in Frameworks */,
				BEEB6B8D1A0945D00032821E /* CFNetwork.framework in Frameworks */,
				41107AE4ECB1A0F0B5063DD5 /* libPods-Editor.a in Frameworks */,
			);
			runOnlyForDeploymentPostprocessing = 0;
		};
		BEE46B011A08178B000876A4 /* Frameworks */ = {
			isa = PBXFrameworksBuildPhase;
			buildActionMask = 2147483647;
			files = (
			);
			runOnlyForDeploymentPostprocessing = 0;
		};
/* End PBXFrameworksBuildPhase section */

/* Begin PBXGroup section */
		4460652046CF68EAA61C4A1F /* Pods */ = {
			isa = PBXGroup;
			children = (
				BE78B9C91A17954500EE76A6 /* Pods-Editor.debug.xcconfig */,
				607A2D96EA62BD48D9A31F08 /* Pods-Editor.release.xcconfig */,
			);
			name = Pods;
			sourceTree = "<group>";
		};
		BE090BA71A1FE9B30078F70E /* Profile Page */ = {
			isa = PBXGroup;
			children = (
				BE70E7F61A1F5F4A000A85BF /* ProfileViewController.swift */,
				BE23BA9A1A1FB63300AC5FDF /* MyPicksCell.swift */,
			);
			name = "Profile Page";
			sourceTree = "<group>";
		};
		BE090BAB1A1FEAAC0078F70E /* Channels Page */ = {
			isa = PBXGroup;
			children = (
				BEE396471A14DA0400BB779E /* VideoViewController.swift */,
				BEE396461A14DA0400BB779E /* VideoTableCell.swift */,
			);
			name = "Channels Page";
			sourceTree = "<group>";
		};
		BE090BAC1A20C73C0078F70E /* Tab */ = {
			isa = PBXGroup;
			children = (
				BE060B231A177ADD0081BBA1 /* TabViewController.swift */,
			);
			name = Tab;
			sourceTree = "<group>";
		};
		BE09F20D1A0EDA2100817C18 /* Designables */ = {
			isa = PBXGroup;
			children = (
				BE78B9CB1A1798F100EE76A6 /* HamburgerButton.swift */,
				BEE396421A14DA0400BB779E /* SnippetButton.swift */,
			);
			name = Designables;
			sourceTree = "<group>";
		};
		BEE46AE61A08178B000876A4 = {
			isa = PBXGroup;
			children = (
				BE03604C1A0BFAF1003E2424 /* MyPlayground.playground */,
				BEE46AF11A08178B000876A4 /* Editor */,
				BEE46B071A08178B000876A4 /* EditorTests */,
				BEE46AF01A08178B000876A4 /* Products */,
				BEE46B191A081CF0000876A4 /* Frameworks */,
				4460652046CF68EAA61C4A1F /* Pods */,
			);
			sourceTree = "<group>";
		};
		BEE46AF01A08178B000876A4 /* Products */ = {
			isa = PBXGroup;
			children = (
				BEE46AEF1A08178B000876A4 /* Editor.app */,
				BEE46B041A08178B000876A4 /* Wolf.temp_caseinsensitive_renameTests.xctest */,
			);
			name = Products;
			sourceTree = "<group>";
		};
		BEE46AF11A08178B000876A4 /* Editor */ = {
			isa = PBXGroup;
			children = (
				BE090BAC1A20C73C0078F70E /* Tab */,
				BE09F20D1A0EDA2100817C18 /* Designables */,
				BEEB6B981A0948640032821E /* Models */,
				BE090BA71A1FE9B30078F70E /* Profile Page */,
				BE090BAB1A1FEAAC0078F70E /* Channels Page */,
				BEE396321A14DA0400BB779E /* AppDelegate.swift */,
				BEE396391A14DA0400BB779E /* CouchbaseManager.swift */,
				BEE396861A14DAE400BB779E /* LaunchScreen.xib */,
				BEE396881A14DAE400BB779E /* Main.storyboard */,
				BEE3963B1A14DA0400BB779E /* EditorViewController.swift */,
				BE70E7F41A1F5F05000A85BF /* Utilities.swift */,
				BE70E7F21A1F5A17000A85BF /* LoginPageViewController.swift */,
				BE77D2521A18CC65006C3F50 /* StepsViewController.swift */,
				BEE3963C1A14DA0400BB779E /* FacebookManager.swift */,
				BEE3963F1A14DA0400BB779E /* LoginViewController.swift */,
				BEE396431A14DA0400BB779E /* SnippetCell.swift */,
				BEE396481A14DA0400BB779E /* ViewController.swift */,
				BEE3963D1A14DA0400BB779E /* Images.xcassets */,
				BEE46AF21A08178B000876A4 /* Supporting Files */,
			);
			name = Editor;
			path = Story1;
			sourceTree = "<group>";
		};
		BEE46AF21A08178B000876A4 /* Supporting Files */ = {
			isa = PBXGroup;
			children = (
				BEE3968D1A14DAFE00BB779E /* Info.plist */,
				BEE3968C1A14DAF500BB779E /* bridging-header.h */,
			);
			name = "Supporting Files";
			sourceTree = "<group>";
		};
		BEE46B071A08178B000876A4 /* EditorTests */ = {
			isa = PBXGroup;
			children = (
				BEE46B0A1A08178B000876A4 /* Story1Tests.swift */,
				BEE46B081A08178B000876A4 /* Supporting Files */,
			);
			name = EditorTests;
			path = Story1Tests;
			sourceTree = "<group>";
		};
		BEE46B081A08178B000876A4 /* Supporting Files */ = {
			isa = PBXGroup;
			children = (
				BEE46B091A08178B000876A4 /* Info.plist */,
			);
			name = "Supporting Files";
			sourceTree = "<group>";
		};
		BEE46B191A081CF0000876A4 /* Frameworks */ = {
			isa = PBXGroup;
			children = (
				BEAAEE5F1A0C52DF00CE5D32 /* AVFoundation.framework */,
				BEEB6B941A0945ED0032821E /* libz.dylib */,
				BEEB6B921A0945E80032821E /* libsqlite3.dylib */,
				BEEB6B901A0945DF0032821E /* SystemConfiguration.framework */,
				BEEB6B8E1A0945D80032821E /* Security.framework */,
				BEEB6B8C1A0945D00032821E /* CFNetwork.framework */,
				BEEB6B8A1A0945BA0032821E /* CouchbaseLite.framework */,
				BEE46B1A1A081D01000876A4 /* FacebookSDK.framework */,
				F5D40EF3CCC68B72D32B87F8 /* libPods-Editor.a */,
			);
			name = Frameworks;
			sourceTree = "<group>";
		};
		BEEB6B981A0948640032821E /* Models */ = {
			isa = PBXGroup;
			children = (
				BEE3963A1A14DA0400BB779E /* Document.swift */,
				BEE396401A14DA0400BB779E /* Profile.swift */,
				BEE396411A14DA0400BB779E /* Pick.swift */,
				BEE396451A14DA0400BB779E /* Video.swift */,
				BE232D8B1A1532A1009FB16F /* Notification.swift */,
			);
			name = Models;
			sourceTree = "<group>";
		};
/* End PBXGroup section */

/* Begin PBXNativeTarget section */
		BEE46AEE1A08178B000876A4 /* Editor */ = {
			isa = PBXNativeTarget;
			buildConfigurationList = BEE46B0E1A08178B000876A4 /* Build configuration list for PBXNativeTarget "Editor" */;
			buildPhases = (
				26A45FD1EB899181ABA7C15D /* Check Pods Manifest.lock */,
				BEE46AEB1A08178B000876A4 /* Sources */,
				BEE46AEC1A08178B000876A4 /* Frameworks */,
				BEE46AED1A08178B000876A4 /* Resources */,
				0B4ABB77D3ABD640C3B82910 /* Copy Pods Resources */,
			);
			buildRules = (
			);
			dependencies = (
			);
			name = Editor;
			productName = Story1;
			productReference = BEE46AEF1A08178B000876A4 /* Editor.app */;
			productType = "com.apple.product-type.application";
		};
		BEE46B031A08178B000876A4 /* EditorTests */ = {
			isa = PBXNativeTarget;
			buildConfigurationList = BEE46B111A08178B000876A4 /* Build configuration list for PBXNativeTarget "EditorTests" */;
			buildPhases = (
				BEE46B001A08178B000876A4 /* Sources */,
				BEE46B011A08178B000876A4 /* Frameworks */,
				BEE46B021A08178B000876A4 /* Resources */,
			);
			buildRules = (
			);
			dependencies = (
				BEE46B061A08178B000876A4 /* PBXTargetDependency */,
			);
			name = EditorTests;
			productName = Story1Tests;
			productReference = BEE46B041A08178B000876A4 /* Wolf.temp_caseinsensitive_renameTests.xctest */;
			productType = "com.apple.product-type.bundle.unit-test";
		};
/* End PBXNativeTarget section */

/* Begin PBXProject section */
		BEE46AE71A08178B000876A4 /* Project object */ = {
			isa = PBXProject;
			attributes = {
				LastUpgradeCheck = 0610;
				ORGANIZATIONNAME = "James Nocentini";
				TargetAttributes = {
					BEE46AEE1A08178B000876A4 = {
						CreatedOnToolsVersion = 6.1;
						DevelopmentTeam = 863R969N56;
					};
					BEE46B031A08178B000876A4 = {
						CreatedOnToolsVersion = 6.1;
						TestTargetID = BEE46AEE1A08178B000876A4;
					};
				};
			};
			buildConfigurationList = BEE46AEA1A08178B000876A4 /* Build configuration list for PBXProject "Editor" */;
			compatibilityVersion = "Xcode 3.2";
			developmentRegion = English;
			hasScannedForEncodings = 0;
			knownRegions = (
				en,
				Base,
			);
			mainGroup = BEE46AE61A08178B000876A4;
			productRefGroup = BEE46AF01A08178B000876A4 /* Products */;
			projectDirPath = "";
			projectRoot = "";
			targets = (
				BEE46AEE1A08178B000876A4 /* Editor */,
				BEE46B031A08178B000876A4 /* EditorTests */,
			);
		};
/* End PBXProject section */

/* Begin PBXResourcesBuildPhase section */
		BEE46AED1A08178B000876A4 /* Resources */ = {
			isa = PBXResourcesBuildPhase;
			buildActionMask = 2147483647;
			files = (
				BE3CB50C1A14DBE0004512E2 /* Info.plist in Resources */,
				BEE396501A14DA0400BB779E /* Images.xcassets in Resources */,
				BEE3968F1A14DB2A00BB779E /* LaunchScreen.xib in Resources */,
				BE78B9CA1A17954500EE76A6 /* Pods-Editor.debug.xcconfig in Resources */,
				BEE396901A14DB2A00BB779E /* Main.storyboard in Resources */,
			);
			runOnlyForDeploymentPostprocessing = 0;
		};
		BEE46B021A08178B000876A4 /* Resources */ = {
			isa = PBXResourcesBuildPhase;
			buildActionMask = 2147483647;
			files = (
			);
			runOnlyForDeploymentPostprocessing = 0;
		};
/* End PBXResourcesBuildPhase section */

/* Begin PBXShellScriptBuildPhase section */
		0B4ABB77D3ABD640C3B82910 /* Copy Pods Resources */ = {
			isa = PBXShellScriptBuildPhase;
			buildActionMask = 2147483647;
			files = (
			);
			inputPaths = (
			);
			name = "Copy Pods Resources";
			outputPaths = (
			);
			runOnlyForDeploymentPostprocessing = 0;
			shellPath = /bin/sh;
			shellScript = "\"${SRCROOT}/Pods/Target Support Files/Pods-Editor/Pods-Editor-resources.sh\"\n";
			showEnvVarsInLog = 0;
		};
		26A45FD1EB899181ABA7C15D /* Check Pods Manifest.lock */ = {
			isa = PBXShellScriptBuildPhase;
			buildActionMask = 2147483647;
			files = (
			);
			inputPaths = (
			);
			name = "Check Pods Manifest.lock";
			outputPaths = (
			);
			runOnlyForDeploymentPostprocessing = 0;
			shellPath = /bin/sh;
			shellScript = "diff \"${PODS_ROOT}/../Podfile.lock\" \"${PODS_ROOT}/Manifest.lock\" > /dev/null\nif [[ $? != 0 ]] ; then\n    cat << EOM\nerror: The sandbox is not in sync with the Podfile.lock. Run 'pod install' or update your CocoaPods installation.\nEOM\n    exit 1\nfi\n";
			showEnvVarsInLog = 0;
		};
/* End PBXShellScriptBuildPhase section */

/* Begin PBXSourcesBuildPhase section */
		BEE46AEB1A08178B000876A4 /* Sources */ = {
			isa = PBXSourcesBuildPhase;
			buildActionMask = 2147483647;
			files = (
				BEE3964E1A14DA0400BB779E /* EditorViewController.swift in Sources */,
				BEE3965A1A14DA0400BB779E /* VideoViewController.swift in Sources */,
				BEE396491A14DA0400BB779E /* AppDelegate.swift in Sources */,
				BEE396521A14DA0400BB779E /* LoginViewController.swift in Sources */,
				BE232D8C1A1532A1009FB16F /* Notification.swift in Sources */,
				BEE396541A14DA0400BB779E /* Pick.swift in Sources */,
				BE23BA9B1A1FB63300AC5FDF /* MyPicksCell.swift in Sources */,
				BE70E7F71A1F5F4A000A85BF /* ProfileViewController.swift in Sources */,
				BE060B241A177ADD0081BBA1 /* TabViewController.swift in Sources */,
				BEE396531A14DA0400BB779E /* Profile.swift in Sources */,
				BEE3964C1A14DA0400BB779E /* CouchbaseManager.swift in Sources */,
				BE70E7F51A1F5F05000A85BF /* Utilities.swift in Sources */,
				BEE396561A14DA0400BB779E /* SnippetCell.swift in Sources */,
				BEE396591A14DA0400BB779E /* VideoTableCell.swift in Sources */,
				BEE3965B1A14DA0400BB779E /* ViewController.swift in Sources */,
				BEE3964F1A14DA0400BB779E /* FacebookManager.swift in Sources */,
				BE70E7F31A1F5A17000A85BF /* LoginPageViewController.swift in Sources */,
				BEE3964D1A14DA0400BB779E /* Document.swift in Sources */,
				BEE396551A14DA0400BB779E /* SnippetButton.swift in Sources */,
				BE77D2531A18CC65006C3F50 /* StepsViewController.swift in Sources */,
				BEE396581A14DA0400BB779E /* Video.swift in Sources */,
				BE3CB50B1A14DBCD004512E2 /* bridging-header.h in Sources */,
				BE78B9CC1A1798F100EE76A6 /* HamburgerButton.swift in Sources */,
			);
			runOnlyForDeploymentPostprocessing = 0;
		};
		BEE46B001A08178B000876A4 /* Sources */ = {
			isa = PBXSourcesBuildPhase;
			buildActionMask = 2147483647;
			files = (
				BEE46B0B1A08178B000876A4 /* Story1Tests.swift in Sources */,
			);
			runOnlyForDeploymentPostprocessing = 0;
		};
/* End PBXSourcesBuildPhase section */

/* Begin PBXTargetDependency section */
		BEE46B061A08178B000876A4 /* PBXTargetDependency */ = {
			isa = PBXTargetDependency;
			target = BEE46AEE1A08178B000876A4 /* Editor */;
			targetProxy = BEE46B051A08178B000876A4 /* PBXContainerItemProxy */;
		};
/* End PBXTargetDependency section */

/* Begin PBXVariantGroup section */
		BEE396861A14DAE400BB779E /* LaunchScreen.xib */ = {
			isa = PBXVariantGroup;
			children = (
				BEE396871A14DAE400BB779E /* Base */,
			);
			name = LaunchScreen.xib;
			sourceTree = "<group>";
		};
		BEE396881A14DAE400BB779E /* Main.storyboard */ = {
			isa = PBXVariantGroup;
			children = (
				BEE396891A14DAE400BB779E /* Base */,
			);
			name = Main.storyboard;
			sourceTree = "<group>";
		};
/* End PBXVariantGroup section */

/* Begin XCBuildConfiguration section */
		BE78B9C61A17948900EE76A6 /* Debug */ = {
			isa = XCBuildConfiguration;
			buildSettings = {
				ALWAYS_SEARCH_USER_PATHS = NO;
				CLANG_CXX_LANGUAGE_STANDARD = "gnu++0x";
				CLANG_CXX_LIBRARY = "libc++";
				CLANG_ENABLE_MODULES = YES;
				CLANG_ENABLE_OBJC_ARC = YES;
				CLANG_WARN_BOOL_CONVERSION = YES;
				CLANG_WARN_CONSTANT_CONVERSION = YES;
				CLANG_WARN_DIRECT_OBJC_ISA_USAGE = YES_ERROR;
				CLANG_WARN_EMPTY_BODY = YES;
				CLANG_WARN_ENUM_CONVERSION = YES;
				CLANG_WARN_INT_CONVERSION = YES;
				CLANG_WARN_OBJC_ROOT_CLASS = YES_ERROR;
				CLANG_WARN_UNREACHABLE_CODE = YES;
				CLANG_WARN__DUPLICATE_METHOD_MATCH = YES;
				"CODE_SIGN_IDENTITY[sdk=iphoneos*]" = "iPhone Developer";
				COPY_PHASE_STRIP = YES;
				ENABLE_NS_ASSERTIONS = NO;
				ENABLE_STRICT_OBJC_MSGSEND = YES;
				GCC_C_LANGUAGE_STANDARD = gnu99;
				GCC_WARN_64_TO_32_BIT_CONVERSION = YES;
				GCC_WARN_ABOUT_RETURN_TYPE = YES_ERROR;
				GCC_WARN_UNDECLARED_SELECTOR = YES;
				GCC_WARN_UNINITIALIZED_AUTOS = YES_AGGRESSIVE;
				GCC_WARN_UNUSED_FUNCTION = YES;
				GCC_WARN_UNUSED_VARIABLE = YES;
				IPHONEOS_DEPLOYMENT_TARGET = 8.1;
				MTL_ENABLE_DEBUG_INFO = NO;
				ONLY_ACTIVE_ARCH = YES;
				SDKROOT = iphoneos;
				TARGETED_DEVICE_FAMILY = "1,2";
				VALIDATE_PRODUCT = YES;
			};
			name = Debug;
		};
		BE78B9C71A17948900EE76A6 /* Debug */ = {
			isa = XCBuildConfiguration;
			baseConfigurationReference = BE78B9C91A17954500EE76A6 /* Pods-Editor.debug.xcconfig */;
			buildSettings = {
				ASSETCATALOG_COMPILER_APPICON_NAME = AppIcon;
				CODE_SIGN_IDENTITY = "iPhone Developer";
				FRAMEWORK_SEARCH_PATHS = (
					"$(inherited)",
					"$(PROJECT_DIR)/Editor",
					"$(PROJECT_DIR)",
				);
				INFOPLIST_FILE = Editor/Info.plist;
				IPHONEOS_DEPLOYMENT_TARGET = 8.0;
				LD_RUNPATH_SEARCH_PATHS = "$(inherited) @executable_path/Frameworks";
				ONLY_ACTIVE_ARCH = YES;
				PRODUCT_NAME = Editor;
				SWIFT_OBJC_BRIDGING_HEADER = "Editor/bridging-header.h";
				"SWIFT_OBJC_BRIDGING_HEADER[arch=*]" = "Editor/bridging-header.h";
				TARGETED_DEVICE_FAMILY = "1,2";
				VALIDATE_PRODUCT = YES;
			};
			name = Debug;
		};
		BE78B9C81A17948900EE76A6 /* Debug */ = {
			isa = XCBuildConfiguration;
			buildSettings = {
				BUNDLE_LOADER = "$(TEST_HOST)";
				FRAMEWORK_SEARCH_PATHS = (
					"$(SDKROOT)/Developer/Library/Frameworks",
					"$(inherited)",
				);
				INFOPLIST_FILE = Story1Tests/Info.plist;
				LD_RUNPATH_SEARCH_PATHS = "$(inherited) @executable_path/Frameworks @loader_path/Frameworks";
				PRODUCT_NAME = Wolf.temp_caseinsensitive_renameTests;
				TEST_HOST = "$(BUILT_PRODUCTS_DIR)/Story1.app/Story1";
			};
			name = Debug;
		};
		BEE46B0D1A08178B000876A4 /* Release */ = {
			isa = XCBuildConfiguration;
			buildSettings = {
				ALWAYS_SEARCH_USER_PATHS = NO;
				CLANG_CXX_LANGUAGE_STANDARD = "gnu++0x";
				CLANG_CXX_LIBRARY = "libc++";
				CLANG_ENABLE_MODULES = YES;
				CLANG_ENABLE_OBJC_ARC = YES;
				CLANG_WARN_BOOL_CONVERSION = YES;
				CLANG_WARN_CONSTANT_CONVERSION = YES;
				CLANG_WARN_DIRECT_OBJC_ISA_USAGE = YES_ERROR;
				CLANG_WARN_EMPTY_BODY = YES;
				CLANG_WARN_ENUM_CONVERSION = YES;
				CLANG_WARN_INT_CONVERSION = YES;
				CLANG_WARN_OBJC_ROOT_CLASS = YES_ERROR;
				CLANG_WARN_UNREACHABLE_CODE = YES;
				CLANG_WARN__DUPLICATE_METHOD_MATCH = YES;
				"CODE_SIGN_IDENTITY[sdk=iphoneos*]" = "iPhone Developer";
				COPY_PHASE_STRIP = YES;
				ENABLE_NS_ASSERTIONS = NO;
				ENABLE_STRICT_OBJC_MSGSEND = YES;
				GCC_C_LANGUAGE_STANDARD = gnu99;
				GCC_WARN_64_TO_32_BIT_CONVERSION = YES;
				GCC_WARN_ABOUT_RETURN_TYPE = YES_ERROR;
				GCC_WARN_UNDECLARED_SELECTOR = YES;
				GCC_WARN_UNINITIALIZED_AUTOS = YES_AGGRESSIVE;
				GCC_WARN_UNUSED_FUNCTION = YES;
				GCC_WARN_UNUSED_VARIABLE = YES;
				IPHONEOS_DEPLOYMENT_TARGET = 8.1;
				MTL_ENABLE_DEBUG_INFO = NO;
				SDKROOT = iphoneos;
				TARGETED_DEVICE_FAMILY = "1,2";
				VALIDATE_PRODUCT = YES;
			};
			name = Release;
		};
		BEE46B101A08178B000876A4 /* Release */ = {
			isa = XCBuildConfiguration;
			baseConfigurationReference = 607A2D96EA62BD48D9A31F08 /* Pods-Editor.release.xcconfig */;
			buildSettings = {
				ASSETCATALOG_COMPILER_APPICON_NAME = AppIcon;
				CODE_SIGN_IDENTITY = "iPhone Developer";
				FRAMEWORK_SEARCH_PATHS = (
					"$(inherited)",
					"$(PROJECT_DIR)/Editor",
					"$(PROJECT_DIR)/Frameworks",
					"$(PROJECT_DIR)",
				);
				INFOPLIST_FILE = Editor/Info.plist;
				IPHONEOS_DEPLOYMENT_TARGET = 8.0;
				LD_RUNPATH_SEARCH_PATHS = "$(inherited) @executable_path/Frameworks";
				ONLY_ACTIVE_ARCH = NO;
				PRODUCT_NAME = Editor;
				SWIFT_OBJC_BRIDGING_HEADER = "Editor/bridging-header.h";
				"SWIFT_OBJC_BRIDGING_HEADER[arch=*]" = "Editor/bridging-header.h";
				TARGETED_DEVICE_FAMILY = "1,2";
			};
			name = Release;
		};
		BEE46B131A08178B000876A4 /* Release */ = {
			isa = XCBuildConfiguration;
			buildSettings = {
				BUNDLE_LOADER = "$(TEST_HOST)";
				FRAMEWORK_SEARCH_PATHS = (
					"$(SDKROOT)/Developer/Library/Frameworks",
					"$(inherited)",
				);
				INFOPLIST_FILE = Story1Tests/Info.plist;
				LD_RUNPATH_SEARCH_PATHS = "$(inherited) @executable_path/Frameworks @loader_path/Frameworks";
				PRODUCT_NAME = Wolf.temp_caseinsensitive_renameTests;
				TEST_HOST = "$(BUILT_PRODUCTS_DIR)/Story1.app/Story1";
			};
			name = Release;
		};
/* End XCBuildConfiguration section */

/* Begin XCConfigurationList section */
		BEE46AEA1A08178B000876A4 /* Build configuration list for PBXProject "Editor" */ = {
			isa = XCConfigurationList;
			buildConfigurations = (
				BEE46B0D1A08178B000876A4 /* Release */,
				BE78B9C61A17948900EE76A6 /* Debug */,
			);
			defaultConfigurationIsVisible = 0;
			defaultConfigurationName = Release;
		};
		BEE46B0E1A08178B000876A4 /* Build configuration list for PBXNativeTarget "Editor" */ = {
			isa = XCConfigurationList;
			buildConfigurations = (
				BEE46B101A08178B000876A4 /* Release */,
				BE78B9C71A17948900EE76A6 /* Debug */,
			);
			defaultConfigurationIsVisible = 0;
			defaultConfigurationName = Release;
		};
		BEE46B111A08178B000876A4 /* Build configuration list for PBXNativeTarget "EditorTests" */ = {
			isa = XCConfigurationList;
			buildConfigurations = (
				BEE46B131A08178B000876A4 /* Release */,
				BE78B9C81A17948900EE76A6 /* Debug */,
			);
			defaultConfigurationIsVisible = 0;
			defaultConfigurationName = Release;
		};
/* End XCConfigurationList section */
	};
	rootObject = BEE46AE71A08178B000876A4 /* Project object */;
}
